// !$*UTF8*$!
{
	archiveVersion = 1;
	classes = {
	};
	objectVersion = 48;
	objects = {

/* Begin PBXBuildFile section */
		7B2A7D59FE4CE8018F7B641B /* Pods_SmartCity.framework in Frameworks */ = {isa = PBXBuildFile; fileRef = E174E7D9B2730500D54BB88E /* Pods_SmartCity.framework */; };
		F444ECBA201D644C0035D0B0 /* AppDelegate.swift in Sources */ = {isa = PBXBuildFile; fileRef = F444ECB9201D644C0035D0B0 /* AppDelegate.swift */; };
		F444ECBF201D644C0035D0B0 /* Main.storyboard in Resources */ = {isa = PBXBuildFile; fileRef = F444ECBD201D644C0035D0B0 /* Main.storyboard */; };
		F444ECC1201D644C0035D0B0 /* Assets.xcassets in Resources */ = {isa = PBXBuildFile; fileRef = F444ECC0201D644C0035D0B0 /* Assets.xcassets */; };
		F444ECC4201D644C0035D0B0 /* LaunchScreen.storyboard in Resources */ = {isa = PBXBuildFile; fileRef = F444ECC2201D644C0035D0B0 /* LaunchScreen.storyboard */; };
		F444ECD7201DD9510035D0B0 /* SignInViewController.swift in Sources */ = {isa = PBXBuildFile; fileRef = F444ECD6201DD9510035D0B0 /* SignInViewController.swift */; };
		F444ECD9201DD9590035D0B0 /* SignUpViewController.swift in Sources */ = {isa = PBXBuildFile; fileRef = F444ECD8201DD9590035D0B0 /* SignUpViewController.swift */; };
		F444ECDE201DD9600035D0B0 /* AuthenticationTabBarController.swift in Sources */ = {isa = PBXBuildFile; fileRef = F444ECDA201DD9600035D0B0 /* AuthenticationTabBarController.swift */; };
		F444ECDF201DD9600035D0B0 /* Authentication.storyboard in Resources */ = {isa = PBXBuildFile; fileRef = F444ECDB201DD9600035D0B0 /* Authentication.storyboard */; };
		F444ECE0201DD9600035D0B0 /* AuthenticationFormViewController.swift in Sources */ = {isa = PBXBuildFile; fileRef = F444ECDC201DD9600035D0B0 /* AuthenticationFormViewController.swift */; };
		F444ECE1201DD9600035D0B0 /* CrossDissolveAnimator.swift in Sources */ = {isa = PBXBuildFile; fileRef = F444ECDD201DD9600035D0B0 /* CrossDissolveAnimator.swift */; };
		F444ECE4201DDA750035D0B0 /* KeyboardHideManager.swift in Sources */ = {isa = PBXBuildFile; fileRef = F444ECE3201DDA750035D0B0 /* KeyboardHideManager.swift */; };
		F444ECE7201DDA9D0035D0B0 /* SmartCityColor.swift in Sources */ = {isa = PBXBuildFile; fileRef = F444ECE6201DDA9D0035D0B0 /* SmartCityColor.swift */; };
		F444ECEB201DDB030035D0B0 /* EmailValidator.swift in Sources */ = {isa = PBXBuildFile; fileRef = F444ECE9201DDB030035D0B0 /* EmailValidator.swift */; };
		F444ECEC201DDB030035D0B0 /* Validation.swift in Sources */ = {isa = PBXBuildFile; fileRef = F444ECEA201DDB030035D0B0 /* Validation.swift */; };
		F444ECEF201DDB2A0035D0B0 /* UIViewController+Additions.swift in Sources */ = {isa = PBXBuildFile; fileRef = F444ECEE201DDB2A0035D0B0 /* UIViewController+Additions.swift */; };
		F444ECF1201DDB750035D0B0 /* errors.plist in Resources */ = {isa = PBXBuildFile; fileRef = F444ECF0201DDB750035D0B0 /* errors.plist */; };
		F444ECF4201DDB900035D0B0 /* UIViewControllerAnimatedTransitioning+Additions.swift in Sources */ = {isa = PBXBuildFile; fileRef = F444ECF2201DDB8F0035D0B0 /* UIViewControllerAnimatedTransitioning+Additions.swift */; };
		F444ECF5201DDB900035D0B0 /* UIViewControllerContextTransitioning+Additions.swift in Sources */ = {isa = PBXBuildFile; fileRef = F444ECF3201DDB900035D0B0 /* UIViewControllerContextTransitioning+Additions.swift */; };
		F444ECF9201DDBF20035D0B0 /* AuthenticationServices.swift in Sources */ = {isa = PBXBuildFile; fileRef = F444ECF8201DDBF20035D0B0 /* AuthenticationServices.swift */; };
		F444ECFC201DDC570035D0B0 /* UserRepository.swift in Sources */ = {isa = PBXBuildFile; fileRef = F444ECFB201DDC570035D0B0 /* UserRepository.swift */; };
		F444ECFE201DDC880035D0B0 /* SessionServices.swift in Sources */ = {isa = PBXBuildFile; fileRef = F444ECFD201DDC880035D0B0 /* SessionServices.swift */; };
		F444ED04201DDCEF0035D0B0 /* User.swift in Sources */ = {isa = PBXBuildFile; fileRef = F444ED03201DDCEF0035D0B0 /* User.swift */; };
		F444ED06201DDED60035D0B0 /* Session.swift in Sources */ = {isa = PBXBuildFile; fileRef = F444ED05201DDED60035D0B0 /* Session.swift */; };
		F444ED09201DDEFF0035D0B0 /* ChildViewControllerSlideUpTransition.swift in Sources */ = {isa = PBXBuildFile; fileRef = F444ED08201DDEFF0035D0B0 /* ChildViewControllerSlideUpTransition.swift */; };
		F444ED0B201DDF1B0035D0B0 /* Networking.swift in Sources */ = {isa = PBXBuildFile; fileRef = F444ED0A201DDF1B0035D0B0 /* Networking.swift */; };
		F444ED0F201DDF3F0035D0B0 /* Backend.swift in Sources */ = {isa = PBXBuildFile; fileRef = F444ED0E201DDF3F0035D0B0 /* Backend.swift */; };
		F444ED14201DE01B0035D0B0 /* NetworkPlugin.swift in Sources */ = {isa = PBXBuildFile; fileRef = F444ED13201DE01B0035D0B0 /* NetworkPlugin.swift */; };
		F444ED17201DE0BE0035D0B0 /* PromiseKit+Additions.swift in Sources */ = {isa = PBXBuildFile; fileRef = F444ED15201DE0BE0035D0B0 /* PromiseKit+Additions.swift */; };
		F444ED18201DE0BE0035D0B0 /* NSError+Additions.swift in Sources */ = {isa = PBXBuildFile; fileRef = F444ED16201DE0BE0035D0B0 /* NSError+Additions.swift */; };
		F444ED1A201DE0D30035D0B0 /* ObjectMapper+Additions.swift in Sources */ = {isa = PBXBuildFile; fileRef = F444ED19201DE0D30035D0B0 /* ObjectMapper+Additions.swift */; };
		F444ED1C201DE22D0035D0B0 /* RootViewController.swift in Sources */ = {isa = PBXBuildFile; fileRef = F444ED1B201DE22D0035D0B0 /* RootViewController.swift */; };
		F444ED1E201DE2860035D0B0 /* ChildViewControllerContextTransitioning.swift in Sources */ = {isa = PBXBuildFile; fileRef = F444ED1D201DE2860035D0B0 /* ChildViewControllerContextTransitioning.swift */; };
		F444ED21201E2BB90035D0B0 /* SettingsViewController.swift in Sources */ = {isa = PBXBuildFile; fileRef = F444ED20201E2BB90035D0B0 /* SettingsViewController.swift */; };
		F444ED23201E2E800035D0B0 /* ChildViewControllerSlideDownTransition.swift in Sources */ = {isa = PBXBuildFile; fileRef = F444ED22201E2E800035D0B0 /* ChildViewControllerSlideDownTransition.swift */; };
		F444ED26201E2FBC0035D0B0 /* CitiesSelectorViewController.swift in Sources */ = {isa = PBXBuildFile; fileRef = F444ED25201E2FBC0035D0B0 /* CitiesSelectorViewController.swift */; };
		F444ED28201E2FDB0035D0B0 /* CityTableViewCell.swift in Sources */ = {isa = PBXBuildFile; fileRef = F444ED27201E2FDB0035D0B0 /* CityTableViewCell.swift */; };
		F444ED2A201E2FF50035D0B0 /* CityViewModel.swift in Sources */ = {isa = PBXBuildFile; fileRef = F444ED29201E2FF50035D0B0 /* CityViewModel.swift */; };
		F444ED2C201E33990035D0B0 /* Preference.swift in Sources */ = {isa = PBXBuildFile; fileRef = F444ED2B201E33990035D0B0 /* Preference.swift */; };
		F444ED2E201E363F0035D0B0 /* IssuesViewController.swift in Sources */ = {isa = PBXBuildFile; fileRef = F444ED2D201E363F0035D0B0 /* IssuesViewController.swift */; };
		F444ED30201E38D40035D0B0 /* IssuesPresenter.swift in Sources */ = {isa = PBXBuildFile; fileRef = F444ED2F201E38D40035D0B0 /* IssuesPresenter.swift */; };
		F444ED32201E39230035D0B0 /* IssueTableViewCell.swift in Sources */ = {isa = PBXBuildFile; fileRef = F444ED31201E39230035D0B0 /* IssueTableViewCell.swift */; };
		F444ED34201E39470035D0B0 /* IssueViewModel.swift in Sources */ = {isa = PBXBuildFile; fileRef = F444ED33201E39470035D0B0 /* IssueViewModel.swift */; };
		F444ED36201E3CA50035D0B0 /* FindIssuesUseCase.swift in Sources */ = {isa = PBXBuildFile; fileRef = F444ED35201E3CA50035D0B0 /* FindIssuesUseCase.swift */; };
		F444ED38201E3CFF0035D0B0 /* Issue.swift in Sources */ = {isa = PBXBuildFile; fileRef = F444ED37201E3CFF0035D0B0 /* Issue.swift */; };
		F444ED3A201E42CD0035D0B0 /* cities.csv in Resources */ = {isa = PBXBuildFile; fileRef = F444ED39201E42CD0035D0B0 /* cities.csv */; };
		F444ED3D201E44320035D0B0 /* CSwiftV.swift in Sources */ = {isa = PBXBuildFile; fileRef = F444ED3C201E44320035D0B0 /* CSwiftV.swift */; };
		F476E800201E7A200083A38B /* IssueDescriptionEditingViewController.swift in Sources */ = {isa = PBXBuildFile; fileRef = F476E7FF201E7A200083A38B /* IssueDescriptionEditingViewController.swift */; };
		F4E37FF8201E954100410753 /* StorageServices.swift in Sources */ = {isa = PBXBuildFile; fileRef = F4E37FF7201E954100410753 /* StorageServices.swift */; };
		F4E37FFA201E96D400410753 /* GoogleService-Info.plist in Resources */ = {isa = PBXBuildFile; fileRef = F4E37FF9201E96D400410753 /* GoogleService-Info.plist */; };
		F4E37FFD201EA87200410753 /* IssueSelectorViewController.swift in Sources */ = {isa = PBXBuildFile; fileRef = F4E37FFC201EA87200410753 /* IssueSelectorViewController.swift */; };
		F4E37FFF201EAA4600410753 /* SimilarIssueTableViewCell.swift in Sources */ = {isa = PBXBuildFile; fileRef = F4E37FFE201EAA4600410753 /* SimilarIssueTableViewCell.swift */; };
		F4E38001201EB3AA00410753 /* IssueSampleView.swift in Sources */ = {isa = PBXBuildFile; fileRef = F4E38000201EB3AA00410753 /* IssueSampleView.swift */; };
		F4E38003201EB3C000410753 /* IssueSampleView.xib in Resources */ = {isa = PBXBuildFile; fileRef = F4E38002201EB3C000410753 /* IssueSampleView.xib */; };
/* End PBXBuildFile section */

/* Begin PBXFileReference section */
		A13BD6F2C9EDA804C8346E9D /* Pods-SmartCity.debug.xcconfig */ = {isa = PBXFileReference; includeInIndex = 1; lastKnownFileType = text.xcconfig; name = "Pods-SmartCity.debug.xcconfig"; path = "Pods/Target Support Files/Pods-SmartCity/Pods-SmartCity.debug.xcconfig"; sourceTree = "<group>"; };
		DE4D0042A7FA9982E3A37629 /* Pods-SmartCity.release.xcconfig */ = {isa = PBXFileReference; includeInIndex = 1; lastKnownFileType = text.xcconfig; name = "Pods-SmartCity.release.xcconfig"; path = "Pods/Target Support Files/Pods-SmartCity/Pods-SmartCity.release.xcconfig"; sourceTree = "<group>"; };
		E174E7D9B2730500D54BB88E /* Pods_SmartCity.framework */ = {isa = PBXFileReference; explicitFileType = wrapper.framework; includeInIndex = 0; path = Pods_SmartCity.framework; sourceTree = BUILT_PRODUCTS_DIR; };
		F444ECB6201D644C0035D0B0 /* SmartCity.app */ = {isa = PBXFileReference; explicitFileType = wrapper.application; includeInIndex = 0; path = SmartCity.app; sourceTree = BUILT_PRODUCTS_DIR; };
		F444ECB9201D644C0035D0B0 /* AppDelegate.swift */ = {isa = PBXFileReference; lastKnownFileType = sourcecode.swift; path = AppDelegate.swift; sourceTree = "<group>"; };
		F444ECBE201D644C0035D0B0 /* Base */ = {isa = PBXFileReference; lastKnownFileType = file.storyboard; name = Base; path = Base.lproj/Main.storyboard; sourceTree = "<group>"; };
		F444ECC0201D644C0035D0B0 /* Assets.xcassets */ = {isa = PBXFileReference; lastKnownFileType = folder.assetcatalog; path = Assets.xcassets; sourceTree = "<group>"; };
		F444ECC3201D644C0035D0B0 /* Base */ = {isa = PBXFileReference; lastKnownFileType = file.storyboard; name = Base; path = Base.lproj/LaunchScreen.storyboard; sourceTree = "<group>"; };
		F444ECC5201D644C0035D0B0 /* Info.plist */ = {isa = PBXFileReference; lastKnownFileType = text.plist.xml; path = Info.plist; sourceTree = "<group>"; };
		F444ECD6201DD9510035D0B0 /* SignInViewController.swift */ = {isa = PBXFileReference; fileEncoding = 4; lastKnownFileType = sourcecode.swift; path = SignInViewController.swift; sourceTree = "<group>"; };
		F444ECD8201DD9590035D0B0 /* SignUpViewController.swift */ = {isa = PBXFileReference; fileEncoding = 4; lastKnownFileType = sourcecode.swift; path = SignUpViewController.swift; sourceTree = "<group>"; };
		F444ECDA201DD9600035D0B0 /* AuthenticationTabBarController.swift */ = {isa = PBXFileReference; fileEncoding = 4; lastKnownFileType = sourcecode.swift; path = AuthenticationTabBarController.swift; sourceTree = "<group>"; };
		F444ECDB201DD9600035D0B0 /* Authentication.storyboard */ = {isa = PBXFileReference; fileEncoding = 4; lastKnownFileType = file.storyboard; path = Authentication.storyboard; sourceTree = "<group>"; };
		F444ECDC201DD9600035D0B0 /* AuthenticationFormViewController.swift */ = {isa = PBXFileReference; fileEncoding = 4; lastKnownFileType = sourcecode.swift; path = AuthenticationFormViewController.swift; sourceTree = "<group>"; };
		F444ECDD201DD9600035D0B0 /* CrossDissolveAnimator.swift */ = {isa = PBXFileReference; fileEncoding = 4; lastKnownFileType = sourcecode.swift; path = CrossDissolveAnimator.swift; sourceTree = "<group>"; };
		F444ECE3201DDA750035D0B0 /* KeyboardHideManager.swift */ = {isa = PBXFileReference; fileEncoding = 4; lastKnownFileType = sourcecode.swift; path = KeyboardHideManager.swift; sourceTree = "<group>"; };
		F444ECE6201DDA9D0035D0B0 /* SmartCityColor.swift */ = {isa = PBXFileReference; fileEncoding = 4; lastKnownFileType = sourcecode.swift; path = SmartCityColor.swift; sourceTree = "<group>"; };
		F444ECE9201DDB030035D0B0 /* EmailValidator.swift */ = {isa = PBXFileReference; fileEncoding = 4; lastKnownFileType = sourcecode.swift; path = EmailValidator.swift; sourceTree = "<group>"; };
		F444ECEA201DDB030035D0B0 /* Validation.swift */ = {isa = PBXFileReference; fileEncoding = 4; lastKnownFileType = sourcecode.swift; path = Validation.swift; sourceTree = "<group>"; };
		F444ECEE201DDB2A0035D0B0 /* UIViewController+Additions.swift */ = {isa = PBXFileReference; fileEncoding = 4; lastKnownFileType = sourcecode.swift; path = "UIViewController+Additions.swift"; sourceTree = "<group>"; };
		F444ECF0201DDB750035D0B0 /* errors.plist */ = {isa = PBXFileReference; fileEncoding = 4; lastKnownFileType = text.plist.xml; path = errors.plist; sourceTree = "<group>"; };
		F444ECF2201DDB8F0035D0B0 /* UIViewControllerAnimatedTransitioning+Additions.swift */ = {isa = PBXFileReference; fileEncoding = 4; lastKnownFileType = sourcecode.swift; path = "UIViewControllerAnimatedTransitioning+Additions.swift"; sourceTree = "<group>"; };
		F444ECF3201DDB900035D0B0 /* UIViewControllerContextTransitioning+Additions.swift */ = {isa = PBXFileReference; fileEncoding = 4; lastKnownFileType = sourcecode.swift; path = "UIViewControllerContextTransitioning+Additions.swift"; sourceTree = "<group>"; };
		F444ECF8201DDBF20035D0B0 /* AuthenticationServices.swift */ = {isa = PBXFileReference; fileEncoding = 4; lastKnownFileType = sourcecode.swift; path = AuthenticationServices.swift; sourceTree = "<group>"; };
		F444ECFB201DDC570035D0B0 /* UserRepository.swift */ = {isa = PBXFileReference; fileEncoding = 4; lastKnownFileType = sourcecode.swift; path = UserRepository.swift; sourceTree = "<group>"; };
		F444ECFD201DDC880035D0B0 /* SessionServices.swift */ = {isa = PBXFileReference; fileEncoding = 4; lastKnownFileType = sourcecode.swift; path = SessionServices.swift; sourceTree = "<group>"; };
		F444ED03201DDCEF0035D0B0 /* User.swift */ = {isa = PBXFileReference; fileEncoding = 4; lastKnownFileType = sourcecode.swift; path = User.swift; sourceTree = "<group>"; };
		F444ED05201DDED60035D0B0 /* Session.swift */ = {isa = PBXFileReference; fileEncoding = 4; lastKnownFileType = sourcecode.swift; path = Session.swift; sourceTree = "<group>"; };
		F444ED08201DDEFF0035D0B0 /* ChildViewControllerSlideUpTransition.swift */ = {isa = PBXFileReference; fileEncoding = 4; lastKnownFileType = sourcecode.swift; path = ChildViewControllerSlideUpTransition.swift; sourceTree = "<group>"; };
		F444ED0A201DDF1B0035D0B0 /* Networking.swift */ = {isa = PBXFileReference; fileEncoding = 4; lastKnownFileType = sourcecode.swift; path = Networking.swift; sourceTree = "<group>"; };
		F444ED0E201DDF3F0035D0B0 /* Backend.swift */ = {isa = PBXFileReference; fileEncoding = 4; lastKnownFileType = sourcecode.swift; path = Backend.swift; sourceTree = "<group>"; };
		F444ED13201DE01B0035D0B0 /* NetworkPlugin.swift */ = {isa = PBXFileReference; fileEncoding = 4; lastKnownFileType = sourcecode.swift; path = NetworkPlugin.swift; sourceTree = "<group>"; };
		F444ED15201DE0BE0035D0B0 /* PromiseKit+Additions.swift */ = {isa = PBXFileReference; fileEncoding = 4; lastKnownFileType = sourcecode.swift; path = "PromiseKit+Additions.swift"; sourceTree = "<group>"; };
		F444ED16201DE0BE0035D0B0 /* NSError+Additions.swift */ = {isa = PBXFileReference; fileEncoding = 4; lastKnownFileType = sourcecode.swift; path = "NSError+Additions.swift"; sourceTree = "<group>"; };
		F444ED19201DE0D30035D0B0 /* ObjectMapper+Additions.swift */ = {isa = PBXFileReference; fileEncoding = 4; lastKnownFileType = sourcecode.swift; path = "ObjectMapper+Additions.swift"; sourceTree = "<group>"; };
		F444ED1B201DE22D0035D0B0 /* RootViewController.swift */ = {isa = PBXFileReference; fileEncoding = 4; lastKnownFileType = sourcecode.swift; path = RootViewController.swift; sourceTree = "<group>"; };
		F444ED1D201DE2860035D0B0 /* ChildViewControllerContextTransitioning.swift */ = {isa = PBXFileReference; fileEncoding = 4; lastKnownFileType = sourcecode.swift; path = ChildViewControllerContextTransitioning.swift; sourceTree = "<group>"; };
		F444ED20201E2BB90035D0B0 /* SettingsViewController.swift */ = {isa = PBXFileReference; lastKnownFileType = sourcecode.swift; path = SettingsViewController.swift; sourceTree = "<group>"; };
		F444ED22201E2E800035D0B0 /* ChildViewControllerSlideDownTransition.swift */ = {isa = PBXFileReference; fileEncoding = 4; lastKnownFileType = sourcecode.swift; path = ChildViewControllerSlideDownTransition.swift; sourceTree = "<group>"; };
		F444ED25201E2FBC0035D0B0 /* CitiesSelectorViewController.swift */ = {isa = PBXFileReference; lastKnownFileType = sourcecode.swift; path = CitiesSelectorViewController.swift; sourceTree = "<group>"; };
		F444ED27201E2FDB0035D0B0 /* CityTableViewCell.swift */ = {isa = PBXFileReference; lastKnownFileType = sourcecode.swift; path = CityTableViewCell.swift; sourceTree = "<group>"; };
		F444ED29201E2FF50035D0B0 /* CityViewModel.swift */ = {isa = PBXFileReference; lastKnownFileType = sourcecode.swift; path = CityViewModel.swift; sourceTree = "<group>"; };
		F444ED2B201E33990035D0B0 /* Preference.swift */ = {isa = PBXFileReference; lastKnownFileType = sourcecode.swift; path = Preference.swift; sourceTree = "<group>"; };
		F444ED2D201E363F0035D0B0 /* IssuesViewController.swift */ = {isa = PBXFileReference; lastKnownFileType = sourcecode.swift; path = IssuesViewController.swift; sourceTree = "<group>"; };
		F444ED2F201E38D40035D0B0 /* IssuesPresenter.swift */ = {isa = PBXFileReference; lastKnownFileType = sourcecode.swift; path = IssuesPresenter.swift; sourceTree = "<group>"; };
		F444ED31201E39230035D0B0 /* IssueTableViewCell.swift */ = {isa = PBXFileReference; lastKnownFileType = sourcecode.swift; path = IssueTableViewCell.swift; sourceTree = "<group>"; };
		F444ED33201E39470035D0B0 /* IssueViewModel.swift */ = {isa = PBXFileReference; lastKnownFileType = sourcecode.swift; path = IssueViewModel.swift; sourceTree = "<group>"; };
		F444ED35201E3CA50035D0B0 /* FindIssuesUseCase.swift */ = {isa = PBXFileReference; lastKnownFileType = sourcecode.swift; path = FindIssuesUseCase.swift; sourceTree = "<group>"; };
		F444ED37201E3CFF0035D0B0 /* Issue.swift */ = {isa = PBXFileReference; lastKnownFileType = sourcecode.swift; path = Issue.swift; sourceTree = "<group>"; };
		F444ED39201E42CD0035D0B0 /* cities.csv */ = {isa = PBXFileReference; fileEncoding = 4; lastKnownFileType = text; path = cities.csv; sourceTree = "<group>"; };
		F444ED3C201E44320035D0B0 /* CSwiftV.swift */ = {isa = PBXFileReference; fileEncoding = 4; lastKnownFileType = sourcecode.swift; path = CSwiftV.swift; sourceTree = "<group>"; };
		F476E7FF201E7A200083A38B /* IssueDescriptionEditingViewController.swift */ = {isa = PBXFileReference; fileEncoding = 4; lastKnownFileType = sourcecode.swift; path = IssueDescriptionEditingViewController.swift; sourceTree = "<group>"; };
		F4E37FF7201E954100410753 /* StorageServices.swift */ = {isa = PBXFileReference; fileEncoding = 4; lastKnownFileType = sourcecode.swift; path = StorageServices.swift; sourceTree = "<group>"; };
		F4E37FF9201E96D400410753 /* GoogleService-Info.plist */ = {isa = PBXFileReference; fileEncoding = 4; lastKnownFileType = text.plist.xml; path = "GoogleService-Info.plist"; sourceTree = "<group>"; };
		F4E37FFC201EA87200410753 /* IssueSelectorViewController.swift */ = {isa = PBXFileReference; lastKnownFileType = sourcecode.swift; path = IssueSelectorViewController.swift; sourceTree = "<group>"; };
		F4E37FFE201EAA4600410753 /* SimilarIssueTableViewCell.swift */ = {isa = PBXFileReference; lastKnownFileType = sourcecode.swift; path = SimilarIssueTableViewCell.swift; sourceTree = "<group>"; };
		F4E38000201EB3AA00410753 /* IssueSampleView.swift */ = {isa = PBXFileReference; lastKnownFileType = sourcecode.swift; path = IssueSampleView.swift; sourceTree = "<group>"; };
		F4E38002201EB3C000410753 /* IssueSampleView.xib */ = {isa = PBXFileReference; lastKnownFileType = file.xib; path = IssueSampleView.xib; sourceTree = "<group>"; };
/* End PBXFileReference section */

/* Begin PBXFrameworksBuildPhase section */
		F444ECB3201D644C0035D0B0 /* Frameworks */ = {
			isa = PBXFrameworksBuildPhase;
			buildActionMask = 2147483647;
			files = (
				7B2A7D59FE4CE8018F7B641B /* Pods_SmartCity.framework in Frameworks */,
			);
			runOnlyForDeploymentPostprocessing = 0;
		};
/* End PBXFrameworksBuildPhase section */

/* Begin PBXGroup section */
		614B026405B4F94F8FD368AF /* Frameworks */ = {
			isa = PBXGroup;
			children = (
				E174E7D9B2730500D54BB88E /* Pods_SmartCity.framework */,
			);
			name = Frameworks;
			sourceTree = "<group>";
		};
		7345155E81B29D94A23F955F /* Pods */ = {
			isa = PBXGroup;
			children = (
				A13BD6F2C9EDA804C8346E9D /* Pods-SmartCity.debug.xcconfig */,
				DE4D0042A7FA9982E3A37629 /* Pods-SmartCity.release.xcconfig */,
			);
			name = Pods;
			sourceTree = "<group>";
		};
		F444ECAD201D644C0035D0B0 = {
			isa = PBXGroup;
			children = (
				F444ECB8201D644C0035D0B0 /* SmartCity */,
				F444ECB7201D644C0035D0B0 /* Products */,
				7345155E81B29D94A23F955F /* Pods */,
				614B026405B4F94F8FD368AF /* Frameworks */,
			);
			sourceTree = "<group>";
		};
		F444ECB7201D644C0035D0B0 /* Products */ = {
			isa = PBXGroup;
			children = (
				F444ECB6201D644C0035D0B0 /* SmartCity.app */,
			);
			name = Products;
			sourceTree = "<group>";
		};
		F444ECB8201D644C0035D0B0 /* SmartCity */ = {
			isa = PBXGroup;
			children = (
				F444ECCC201D667A0035D0B0 /* Scenes */,
				F444ECCE201D668D0035D0B0 /* Models */,
				F444ECCD201D66800035D0B0 /* Infrastructure */,
				F444ECCB201D65D50035D0B0 /* Application Files */,
				F444ECBD201D644C0035D0B0 /* Main.storyboard */,
				F444ECC5201D644C0035D0B0 /* Info.plist */,
			);
			path = SmartCity;
			sourceTree = "<group>";
		};
		F444ECCB201D65D50035D0B0 /* Application Files */ = {
			isa = PBXGroup;
			children = (
				F4E37FF9201E96D400410753 /* GoogleService-Info.plist */,
				F444ED39201E42CD0035D0B0 /* cities.csv */,
				F444ED1B201DE22D0035D0B0 /* RootViewController.swift */,
				F444ECF0201DDB750035D0B0 /* errors.plist */,
				F444ECE5201DDA870035D0B0 /* Colors */,
				F444ECB9201D644C0035D0B0 /* AppDelegate.swift */,
				F444ECC0201D644C0035D0B0 /* Assets.xcassets */,
				F444ECC2201D644C0035D0B0 /* LaunchScreen.storyboard */,
			);
			path = "Application Files";
			sourceTree = "<group>";
		};
		F444ECCC201D667A0035D0B0 /* Scenes */ = {
			isa = PBXGroup;
			children = (
				F444ED24201E2FA90035D0B0 /* City */,
				F444ED1F201E2BAD0035D0B0 /* Settings */,
				F444ECD1201D66A40035D0B0 /* Issue */,
				F444ECD0201D669D0035D0B0 /* Authentication */,
			);
			path = Scenes;
			sourceTree = "<group>";
		};
		F444ECCD201D66800035D0B0 /* Infrastructure */ = {
			isa = PBXGroup;
			children = (
				F4E37FF6201E951E00410753 /* Storage */,
				F444ED0C201DDF1D0035D0B0 /* Networking */,
				F444ED07201DDEF50035D0B0 /* Transitions */,
				F444ECED201DDB0F0035D0B0 /* Extensions */,
				F444ECE8201DDAE00035D0B0 /* Validation */,
				F444ECE2201DDA6C0035D0B0 /* Libraries */,
			);
			path = Infrastructure;
			sourceTree = "<group>";
		};
		F444ECCE201D668D0035D0B0 /* Models */ = {
			isa = PBXGroup;
			children = (
				F444ED0D201DDF310035D0B0 /* Backend */,
				F444ECFA201DDC4D0035D0B0 /* Repository */,
				F444ECF7201DDBA70035D0B0 /* Entities */,
				F444ECF6201DDBA30035D0B0 /* Services */,
			);
			path = Models;
			sourceTree = "<group>";
		};
		F444ECD0201D669D0035D0B0 /* Authentication */ = {
			isa = PBXGroup;
			children = (
				F444ECDB201DD9600035D0B0 /* Authentication.storyboard */,
				F444ECDC201DD9600035D0B0 /* AuthenticationFormViewController.swift */,
				F444ECDA201DD9600035D0B0 /* AuthenticationTabBarController.swift */,
				F444ECDD201DD9600035D0B0 /* CrossDissolveAnimator.swift */,
				F444ECD5201D66CE0035D0B0 /* Sign up */,
				F444ECD4201D66C90035D0B0 /* Sign in */,
			);
			path = Authentication;
			sourceTree = "<group>";
		};
		F444ECD1201D66A40035D0B0 /* Issue */ = {
			isa = PBXGroup;
			children = (
				F4E37FFB201EA85C00410753 /* Similar */,
				F476E7FC201E64EC0083A38B /* Create */,
				F444ECD2201D66B10035D0B0 /* List ( Home ) */,
				F444ECD3201D66BE0035D0B0 /* Report */,
				F4E38000201EB3AA00410753 /* IssueSampleView.swift */,
				F4E38002201EB3C000410753 /* IssueSampleView.xib */,
			);
			path = Issue;
			sourceTree = "<group>";
		};
		F444ECD2201D66B10035D0B0 /* List ( Home ) */ = {
			isa = PBXGroup;
			children = (
				F444ED2D201E363F0035D0B0 /* IssuesViewController.swift */,
				F444ED2F201E38D40035D0B0 /* IssuesPresenter.swift */,
				F444ED31201E39230035D0B0 /* IssueTableViewCell.swift */,
				F444ED33201E39470035D0B0 /* IssueViewModel.swift */,
				F444ED35201E3CA50035D0B0 /* FindIssuesUseCase.swift */,
			);
			path = "List ( Home )";
			sourceTree = "<group>";
		};
		F444ECD3201D66BE0035D0B0 /* Report */ = {
			isa = PBXGroup;
			children = (
			);
			path = Report;
			sourceTree = "<group>";
		};
		F444ECD4201D66C90035D0B0 /* Sign in */ = {
			isa = PBXGroup;
			children = (
				F444ECD6201DD9510035D0B0 /* SignInViewController.swift */,
			);
			path = "Sign in";
			sourceTree = "<group>";
		};
		F444ECD5201D66CE0035D0B0 /* Sign up */ = {
			isa = PBXGroup;
			children = (
				F444ECD8201DD9590035D0B0 /* SignUpViewController.swift */,
			);
			path = "Sign up";
			sourceTree = "<group>";
		};
		F444ECE2201DDA6C0035D0B0 /* Libraries */ = {
			isa = PBXGroup;
			children = (
				F444ED3B201E44270035D0B0 /* CSV */,
				F444ECE3201DDA750035D0B0 /* KeyboardHideManager.swift */,
			);
			path = Libraries;
			sourceTree = "<group>";
		};
		F444ECE5201DDA870035D0B0 /* Colors */ = {
			isa = PBXGroup;
			children = (
				F444ECE6201DDA9D0035D0B0 /* SmartCityColor.swift */,
			);
			path = Colors;
			sourceTree = "<group>";
		};
		F444ECE8201DDAE00035D0B0 /* Validation */ = {
			isa = PBXGroup;
			children = (
				F444ECE9201DDB030035D0B0 /* EmailValidator.swift */,
				F444ECEA201DDB030035D0B0 /* Validation.swift */,
			);
			path = Validation;
			sourceTree = "<group>";
		};
		F444ECED201DDB0F0035D0B0 /* Extensions */ = {
			isa = PBXGroup;
			children = (
				F444ED19201DE0D30035D0B0 /* ObjectMapper+Additions.swift */,
				F444ED16201DE0BE0035D0B0 /* NSError+Additions.swift */,
				F444ED15201DE0BE0035D0B0 /* PromiseKit+Additions.swift */,
				F444ECF2201DDB8F0035D0B0 /* UIViewControllerAnimatedTransitioning+Additions.swift */,
				F444ECF3201DDB900035D0B0 /* UIViewControllerContextTransitioning+Additions.swift */,
				F444ECEE201DDB2A0035D0B0 /* UIViewController+Additions.swift */,
			);
			path = Extensions;
			sourceTree = "<group>";
		};
		F444ECF6201DDBA30035D0B0 /* Services */ = {
			isa = PBXGroup;
			children = (
				F444ECFD201DDC880035D0B0 /* SessionServices.swift */,
				F444ECF8201DDBF20035D0B0 /* AuthenticationServices.swift */,
			);
			path = Services;
			sourceTree = "<group>";
		};
		F444ECF7201DDBA70035D0B0 /* Entities */ = {
			isa = PBXGroup;
			children = (
				F444ED05201DDED60035D0B0 /* Session.swift */,
				F444ED03201DDCEF0035D0B0 /* User.swift */,
				F444ED2B201E33990035D0B0 /* Preference.swift */,
				F444ED37201E3CFF0035D0B0 /* Issue.swift */,
			);
			path = Entities;
			sourceTree = "<group>";
		};
		F444ECFA201DDC4D0035D0B0 /* Repository */ = {
			isa = PBXGroup;
			children = (
				F444ECFB201DDC570035D0B0 /* UserRepository.swift */,
			);
			path = Repository;
			sourceTree = "<group>";
		};
		F444ED07201DDEF50035D0B0 /* Transitions */ = {
			isa = PBXGroup;
			children = (
				F444ED22201E2E800035D0B0 /* ChildViewControllerSlideDownTransition.swift */,
				F444ED1D201DE2860035D0B0 /* ChildViewControllerContextTransitioning.swift */,
				F444ED08201DDEFF0035D0B0 /* ChildViewControllerSlideUpTransition.swift */,
			);
			path = Transitions;
			sourceTree = "<group>";
		};
		F444ED0C201DDF1D0035D0B0 /* Networking */ = {
			isa = PBXGroup;
			children = (
				F444ED10201DDFF70035D0B0 /* Plugin */,
				F444ED0A201DDF1B0035D0B0 /* Networking.swift */,
			);
			path = Networking;
			sourceTree = "<group>";
		};
		F444ED0D201DDF310035D0B0 /* Backend */ = {
			isa = PBXGroup;
			children = (
				F444ED0E201DDF3F0035D0B0 /* Backend.swift */,
			);
			path = Backend;
			sourceTree = "<group>";
		};
		F444ED10201DDFF70035D0B0 /* Plugin */ = {
			isa = PBXGroup;
			children = (
				F444ED13201DE01B0035D0B0 /* NetworkPlugin.swift */,
			);
			path = Plugin;
			sourceTree = "<group>";
		};
		F444ED1F201E2BAD0035D0B0 /* Settings */ = {
			isa = PBXGroup;
			children = (
				F444ED20201E2BB90035D0B0 /* SettingsViewController.swift */,
			);
			path = Settings;
			sourceTree = "<group>";
		};
		F444ED24201E2FA90035D0B0 /* City */ = {
			isa = PBXGroup;
			children = (
				F444ED25201E2FBC0035D0B0 /* CitiesSelectorViewController.swift */,
				F444ED27201E2FDB0035D0B0 /* CityTableViewCell.swift */,
				F444ED29201E2FF50035D0B0 /* CityViewModel.swift */,
			);
			path = City;
			sourceTree = "<group>";
		};
		F444ED3B201E44270035D0B0 /* CSV */ = {
			isa = PBXGroup;
			children = (
				F444ED3C201E44320035D0B0 /* CSwiftV.swift */,
			);
			path = CSV;
			sourceTree = "<group>";
		};
		F476E7FC201E64EC0083A38B /* Create */ = {
			isa = PBXGroup;
			children = (
				F476E7FF201E7A200083A38B /* IssueDescriptionEditingViewController.swift */,
			);
			path = Create;
			sourceTree = "<group>";
		};
		F4E37FF6201E951E00410753 /* Storage */ = {
			isa = PBXGroup;
			children = (
				F4E37FF7201E954100410753 /* StorageServices.swift */,
			);
			path = Storage;
			sourceTree = "<group>";
		};
		F4E37FFB201EA85C00410753 /* Similar */ = {
			isa = PBXGroup;
			children = (
				F4E37FFC201EA87200410753 /* IssueSelectorViewController.swift */,
				F4E37FFE201EAA4600410753 /* SimilarIssueTableViewCell.swift */,
			);
			path = Similar;
			sourceTree = "<group>";
		};
/* End PBXGroup section */

/* Begin PBXNativeTarget section */
		F444ECB5201D644C0035D0B0 /* SmartCity */ = {
			isa = PBXNativeTarget;
			buildConfigurationList = F444ECC8201D644C0035D0B0 /* Build configuration list for PBXNativeTarget "SmartCity" */;
			buildPhases = (
				EC169EC9CB01F4D480C0F79A /* [CP] Check Pods Manifest.lock */,
				F444ECB2201D644C0035D0B0 /* Sources */,
				F444ECB3201D644C0035D0B0 /* Frameworks */,
				F444ECB4201D644C0035D0B0 /* Resources */,
				C3247058F617243DAB618D85 /* [CP] Embed Pods Frameworks */,
				0BEBA1B9EE91688434D83F5E /* [CP] Copy Pods Resources */,
			);
			buildRules = (
			);
			dependencies = (
			);
			name = SmartCity;
			productName = SmartCity;
			productReference = F444ECB6201D644C0035D0B0 /* SmartCity.app */;
			productType = "com.apple.product-type.application";
		};
/* End PBXNativeTarget section */

/* Begin PBXProject section */
		F444ECAE201D644C0035D0B0 /* Project object */ = {
			isa = PBXProject;
			attributes = {
				LastSwiftUpdateCheck = 0920;
				LastUpgradeCheck = 0920;
				ORGANIZATIONNAME = "Hidden Founders";
				TargetAttributes = {
					F444ECB5201D644C0035D0B0 = {
						CreatedOnToolsVersion = 9.2;
						ProvisioningStyle = Automatic;
					};
				};
			};
			buildConfigurationList = F444ECB1201D644C0035D0B0 /* Build configuration list for PBXProject "SmartCity" */;
			compatibilityVersion = "Xcode 8.0";
			developmentRegion = en;
			hasScannedForEncodings = 0;
			knownRegions = (
				en,
				Base,
			);
			mainGroup = F444ECAD201D644C0035D0B0;
			productRefGroup = F444ECB7201D644C0035D0B0 /* Products */;
			projectDirPath = "";
			projectRoot = "";
			targets = (
				F444ECB5201D644C0035D0B0 /* SmartCity */,
			);
		};
/* End PBXProject section */

/* Begin PBXResourcesBuildPhase section */
		F444ECB4201D644C0035D0B0 /* Resources */ = {
			isa = PBXResourcesBuildPhase;
			buildActionMask = 2147483647;
			files = (
				F444ECDF201DD9600035D0B0 /* Authentication.storyboard in Resources */,
				F444ECC4201D644C0035D0B0 /* LaunchScreen.storyboard in Resources */,
				F4E38003201EB3C000410753 /* IssueSampleView.xib in Resources */,
				F444ECC1201D644C0035D0B0 /* Assets.xcassets in Resources */,
				F444ED3A201E42CD0035D0B0 /* cities.csv in Resources */,
				F444ECF1201DDB750035D0B0 /* errors.plist in Resources */,
				F444ECBF201D644C0035D0B0 /* Main.storyboard in Resources */,
				F4E37FFA201E96D400410753 /* GoogleService-Info.plist in Resources */,
			);
			runOnlyForDeploymentPostprocessing = 0;
		};
/* End PBXResourcesBuildPhase section */

/* Begin PBXShellScriptBuildPhase section */
		0BEBA1B9EE91688434D83F5E /* [CP] Copy Pods Resources */ = {
			isa = PBXShellScriptBuildPhase;
			buildActionMask = 2147483647;
			files = (
			);
			inputPaths = (
			);
			name = "[CP] Copy Pods Resources";
			outputPaths = (
			);
			runOnlyForDeploymentPostprocessing = 0;
			shellPath = /bin/sh;
			shellScript = "\"${SRCROOT}/Pods/Target Support Files/Pods-SmartCity/Pods-SmartCity-resources.sh\"\n";
			showEnvVarsInLog = 0;
		};
		C3247058F617243DAB618D85 /* [CP] Embed Pods Frameworks */ = {
			isa = PBXShellScriptBuildPhase;
			buildActionMask = 2147483647;
			files = (
			);
			inputPaths = (
				"${SRCROOT}/Pods/Target Support Files/Pods-SmartCity/Pods-SmartCity-frameworks.sh",
				"${BUILT_PRODUCTS_DIR}/Alamofire/Alamofire.framework",
				"${BUILT_PRODUCTS_DIR}/FaveButton/FaveButton.framework",
				"${BUILT_PRODUCTS_DIR}/GTMSessionFetcher/GTMSessionFetcher.framework",
				"${BUILT_PRODUCTS_DIR}/GoogleToolboxForMac/GoogleToolboxForMac.framework",
				"${BUILT_PRODUCTS_DIR}/IQKeyboardManagerSwift/IQKeyboardManagerSwift.framework",
				"${BUILT_PRODUCTS_DIR}/MBProgressHUD/MBProgressHUD.framework",
				"${BUILT_PRODUCTS_DIR}/Moya/Moya.framework",
				"${BUILT_PRODUCTS_DIR}/ObjectMapper/ObjectMapper.framework",
				"${BUILT_PRODUCTS_DIR}/PromiseKit/PromiseKit.framework",
				"${BUILT_PRODUCTS_DIR}/Realm/Realm.framework",
				"${BUILT_PRODUCTS_DIR}/RealmSwift/RealmSwift.framework",
				"${BUILT_PRODUCTS_DIR}/Result/Result.framework",
				"${BUILT_PRODUCTS_DIR}/SDWebImage/SDWebImage.framework",
				"${BUILT_PRODUCTS_DIR}/SwiftRichString/SwiftRichString.framework",
				"${BUILT_PRODUCTS_DIR}/SwiftyJSON/SwiftyJSON.framework",
				"${BUILT_PRODUCTS_DIR}/nanopb/nanopb.framework",
			);
			name = "[CP] Embed Pods Frameworks";
			outputPaths = (
				"${TARGET_BUILD_DIR}/${FRAMEWORKS_FOLDER_PATH}/Alamofire.framework",
				"${TARGET_BUILD_DIR}/${FRAMEWORKS_FOLDER_PATH}/FaveButton.framework",
				"${TARGET_BUILD_DIR}/${FRAMEWORKS_FOLDER_PATH}/GTMSessionFetcher.framework",
				"${TARGET_BUILD_DIR}/${FRAMEWORKS_FOLDER_PATH}/GoogleToolboxForMac.framework",
				"${TARGET_BUILD_DIR}/${FRAMEWORKS_FOLDER_PATH}/IQKeyboardManagerSwift.framework",
				"${TARGET_BUILD_DIR}/${FRAMEWORKS_FOLDER_PATH}/MBProgressHUD.framework",
				"${TARGET_BUILD_DIR}/${FRAMEWORKS_FOLDER_PATH}/Moya.framework",
				"${TARGET_BUILD_DIR}/${FRAMEWORKS_FOLDER_PATH}/ObjectMapper.framework",
				"${TARGET_BUILD_DIR}/${FRAMEWORKS_FOLDER_PATH}/PromiseKit.framework",
				"${TARGET_BUILD_DIR}/${FRAMEWORKS_FOLDER_PATH}/Realm.framework",
				"${TARGET_BUILD_DIR}/${FRAMEWORKS_FOLDER_PATH}/RealmSwift.framework",
				"${TARGET_BUILD_DIR}/${FRAMEWORKS_FOLDER_PATH}/Result.framework",
				"${TARGET_BUILD_DIR}/${FRAMEWORKS_FOLDER_PATH}/SDWebImage.framework",
				"${TARGET_BUILD_DIR}/${FRAMEWORKS_FOLDER_PATH}/SwiftRichString.framework",
				"${TARGET_BUILD_DIR}/${FRAMEWORKS_FOLDER_PATH}/SwiftyJSON.framework",
				"${TARGET_BUILD_DIR}/${FRAMEWORKS_FOLDER_PATH}/nanopb.framework",
			);
			runOnlyForDeploymentPostprocessing = 0;
			shellPath = /bin/sh;
			shellScript = "\"${SRCROOT}/Pods/Target Support Files/Pods-SmartCity/Pods-SmartCity-frameworks.sh\"\n";
			showEnvVarsInLog = 0;
		};
		EC169EC9CB01F4D480C0F79A /* [CP] Check Pods Manifest.lock */ = {
			isa = PBXShellScriptBuildPhase;
			buildActionMask = 2147483647;
			files = (
			);
			inputPaths = (
				"${PODS_PODFILE_DIR_PATH}/Podfile.lock",
				"${PODS_ROOT}/Manifest.lock",
			);
			name = "[CP] Check Pods Manifest.lock";
			outputPaths = (
				"$(DERIVED_FILE_DIR)/Pods-SmartCity-checkManifestLockResult.txt",
			);
			runOnlyForDeploymentPostprocessing = 0;
			shellPath = /bin/sh;
			shellScript = "diff \"${PODS_PODFILE_DIR_PATH}/Podfile.lock\" \"${PODS_ROOT}/Manifest.lock\" > /dev/null\nif [ $? != 0 ] ; then\n    # print error to STDERR\n    echo \"error: The sandbox is not in sync with the Podfile.lock. Run 'pod install' or update your CocoaPods installation.\" >&2\n    exit 1\nfi\n# This output is used by Xcode 'outputs' to avoid re-running this script phase.\necho \"SUCCESS\" > \"${SCRIPT_OUTPUT_FILE_0}\"\n";
			showEnvVarsInLog = 0;
		};
/* End PBXShellScriptBuildPhase section */

/* Begin PBXSourcesBuildPhase section */
		F444ECB2201D644C0035D0B0 /* Sources */ = {
			isa = PBXSourcesBuildPhase;
			buildActionMask = 2147483647;
			files = (
				F444ED34201E39470035D0B0 /* IssueViewModel.swift in Sources */,
				F444ECDE201DD9600035D0B0 /* AuthenticationTabBarController.swift in Sources */,
				F444ED2A201E2FF50035D0B0 /* CityViewModel.swift in Sources */,
				F444ECEC201DDB030035D0B0 /* Validation.swift in Sources */,
				F444ED14201DE01B0035D0B0 /* NetworkPlugin.swift in Sources */,
				F444ECE7201DDA9D0035D0B0 /* SmartCityColor.swift in Sources */,
				F444ED0F201DDF3F0035D0B0 /* Backend.swift in Sources */,
				F444ED23201E2E800035D0B0 /* ChildViewControllerSlideDownTransition.swift in Sources */,
				F444ED17201DE0BE0035D0B0 /* PromiseKit+Additions.swift in Sources */,
				F444ECFE201DDC880035D0B0 /* SessionServices.swift in Sources */,
				F444ED09201DDEFF0035D0B0 /* ChildViewControllerSlideUpTransition.swift in Sources */,
				F444ED0B201DDF1B0035D0B0 /* Networking.swift in Sources */,
				F444ED18201DE0BE0035D0B0 /* NSError+Additions.swift in Sources */,
				F444ECE4201DDA750035D0B0 /* KeyboardHideManager.swift in Sources */,
				F4E37FFD201EA87200410753 /* IssueSelectorViewController.swift in Sources */,
				F444ECE0201DD9600035D0B0 /* AuthenticationFormViewController.swift in Sources */,
				F444ED28201E2FDB0035D0B0 /* CityTableViewCell.swift in Sources */,
				F444ED30201E38D40035D0B0 /* IssuesPresenter.swift in Sources */,
				F444ECF4201DDB900035D0B0 /* UIViewControllerAnimatedTransitioning+Additions.swift in Sources */,
				F444ECBA201D644C0035D0B0 /* AppDelegate.swift in Sources */,
				F444ED2C201E33990035D0B0 /* Preference.swift in Sources */,
				F4E38001201EB3AA00410753 /* IssueSampleView.swift in Sources */,
				F444ED26201E2FBC0035D0B0 /* CitiesSelectorViewController.swift in Sources */,
				F444ED2E201E363F0035D0B0 /* IssuesViewController.swift in Sources */,
				F444ECD9201DD9590035D0B0 /* SignUpViewController.swift in Sources */,
				F444ECEF201DDB2A0035D0B0 /* UIViewController+Additions.swift in Sources */,
				F444ED1A201DE0D30035D0B0 /* ObjectMapper+Additions.swift in Sources */,
				F444ED06201DDED60035D0B0 /* Session.swift in Sources */,
				F444ECEB201DDB030035D0B0 /* EmailValidator.swift in Sources */,
				F476E800201E7A200083A38B /* IssueDescriptionEditingViewController.swift in Sources */,
				F444ED1C201DE22D0035D0B0 /* RootViewController.swift in Sources */,
				F444ED32201E39230035D0B0 /* IssueTableViewCell.swift in Sources */,
				F4E37FFF201EAA4600410753 /* SimilarIssueTableViewCell.swift in Sources */,
				F444ED38201E3CFF0035D0B0 /* Issue.swift in Sources */,
				F444ED3D201E44320035D0B0 /* CSwiftV.swift in Sources */,
				F444ED1E201DE2860035D0B0 /* ChildViewControllerContextTransitioning.swift in Sources */,
				F4E37FF8201E954100410753 /* StorageServices.swift in Sources */,
				F444ECE1201DD9600035D0B0 /* CrossDissolveAnimator.swift in Sources */,
				F444ED21201E2BB90035D0B0 /* SettingsViewController.swift in Sources */,
				F444ECF5201DDB900035D0B0 /* UIViewControllerContextTransitioning+Additions.swift in Sources */,
				F444ECD7201DD9510035D0B0 /* SignInViewController.swift in Sources */,
				F444ED36201E3CA50035D0B0 /* FindIssuesUseCase.swift in Sources */,
				F444ECF9201DDBF20035D0B0 /* AuthenticationServices.swift in Sources */,
				F444ECFC201DDC570035D0B0 /* UserRepository.swift in Sources */,
				F444ED04201DDCEF0035D0B0 /* User.swift in Sources */,
			);
			runOnlyForDeploymentPostprocessing = 0;
		};
/* End PBXSourcesBuildPhase section */

/* Begin PBXVariantGroup section */
		F444ECBD201D644C0035D0B0 /* Main.storyboard */ = {
			isa = PBXVariantGroup;
			children = (
				F444ECBE201D644C0035D0B0 /* Base */,
			);
			name = Main.storyboard;
			sourceTree = "<group>";
		};
		F444ECC2201D644C0035D0B0 /* LaunchScreen.storyboard */ = {
			isa = PBXVariantGroup;
			children = (
				F444ECC3201D644C0035D0B0 /* Base */,
			);
			name = LaunchScreen.storyboard;
			sourceTree = "<group>";
		};
/* End PBXVariantGroup section */

/* Begin XCBuildConfiguration section */
		F444ECC6201D644C0035D0B0 /* Debug */ = {
			isa = XCBuildConfiguration;
			buildSettings = {
				ALWAYS_SEARCH_USER_PATHS = NO;
				CLANG_ANALYZER_NONNULL = YES;
				CLANG_ANALYZER_NUMBER_OBJECT_CONVERSION = YES_AGGRESSIVE;
				CLANG_CXX_LANGUAGE_STANDARD = "gnu++14";
				CLANG_CXX_LIBRARY = "libc++";
				CLANG_ENABLE_MODULES = YES;
				CLANG_ENABLE_OBJC_ARC = YES;
				CLANG_WARN_BLOCK_CAPTURE_AUTORELEASING = YES;
				CLANG_WARN_BOOL_CONVERSION = YES;
				CLANG_WARN_COMMA = YES;
				CLANG_WARN_CONSTANT_CONVERSION = YES;
				CLANG_WARN_DIRECT_OBJC_ISA_USAGE = YES_ERROR;
				CLANG_WARN_DOCUMENTATION_COMMENTS = YES;
				CLANG_WARN_EMPTY_BODY = YES;
				CLANG_WARN_ENUM_CONVERSION = YES;
				CLANG_WARN_INFINITE_RECURSION = YES;
				CLANG_WARN_INT_CONVERSION = YES;
				CLANG_WARN_NON_LITERAL_NULL_CONVERSION = YES;
				CLANG_WARN_OBJC_LITERAL_CONVERSION = YES;
				CLANG_WARN_OBJC_ROOT_CLASS = YES_ERROR;
				CLANG_WARN_RANGE_LOOP_ANALYSIS = YES;
				CLANG_WARN_STRICT_PROTOTYPES = YES;
				CLANG_WARN_SUSPICIOUS_MOVE = YES;
				CLANG_WARN_UNGUARDED_AVAILABILITY = YES_AGGRESSIVE;
				CLANG_WARN_UNREACHABLE_CODE = YES;
				CLANG_WARN__DUPLICATE_METHOD_MATCH = YES;
				CODE_SIGN_IDENTITY = "iPhone Developer";
				COPY_PHASE_STRIP = NO;
				DEBUG_INFORMATION_FORMAT = dwarf;
				ENABLE_STRICT_OBJC_MSGSEND = YES;
				ENABLE_TESTABILITY = YES;
				GCC_C_LANGUAGE_STANDARD = gnu11;
				GCC_DYNAMIC_NO_PIC = NO;
				GCC_NO_COMMON_BLOCKS = YES;
				GCC_OPTIMIZATION_LEVEL = 0;
				GCC_PREPROCESSOR_DEFINITIONS = (
					"DEBUG=1",
					"$(inherited)",
				);
				GCC_WARN_64_TO_32_BIT_CONVERSION = YES;
				GCC_WARN_ABOUT_RETURN_TYPE = YES_ERROR;
				GCC_WARN_UNDECLARED_SELECTOR = YES;
				GCC_WARN_UNINITIALIZED_AUTOS = YES_AGGRESSIVE;
				GCC_WARN_UNUSED_FUNCTION = YES;
				GCC_WARN_UNUSED_VARIABLE = YES;
				IPHONEOS_DEPLOYMENT_TARGET = 11.2;
				MTL_ENABLE_DEBUG_INFO = YES;
				ONLY_ACTIVE_ARCH = YES;
				SDKROOT = iphoneos;
				SWIFT_ACTIVE_COMPILATION_CONDITIONS = DEBUG;
				SWIFT_OPTIMIZATION_LEVEL = "-Onone";
			};
			name = Debug;
		};
		F444ECC7201D644C0035D0B0 /* Release */ = {
			isa = XCBuildConfiguration;
			buildSettings = {
				ALWAYS_SEARCH_USER_PATHS = NO;
				CLANG_ANALYZER_NONNULL = YES;
				CLANG_ANALYZER_NUMBER_OBJECT_CONVERSION = YES_AGGRESSIVE;
				CLANG_CXX_LANGUAGE_STANDARD = "gnu++14";
				CLANG_CXX_LIBRARY = "libc++";
				CLANG_ENABLE_MODULES = YES;
				CLANG_ENABLE_OBJC_ARC = YES;
				CLANG_WARN_BLOCK_CAPTURE_AUTORELEASING = YES;
				CLANG_WARN_BOOL_CONVERSION = YES;
				CLANG_WARN_COMMA = YES;
				CLANG_WARN_CONSTANT_CONVERSION = YES;
				CLANG_WARN_DIRECT_OBJC_ISA_USAGE = YES_ERROR;
				CLANG_WARN_DOCUMENTATION_COMMENTS = YES;
				CLANG_WARN_EMPTY_BODY = YES;
				CLANG_WARN_ENUM_CONVERSION = YES;
				CLANG_WARN_INFINITE_RECURSION = YES;
				CLANG_WARN_INT_CONVERSION = YES;
				CLANG_WARN_NON_LITERAL_NULL_CONVERSION = YES;
				CLANG_WARN_OBJC_LITERAL_CONVERSION = YES;
				CLANG_WARN_OBJC_ROOT_CLASS = YES_ERROR;
				CLANG_WARN_RANGE_LOOP_ANALYSIS = YES;
				CLANG_WARN_STRICT_PROTOTYPES = YES;
				CLANG_WARN_SUSPICIOUS_MOVE = YES;
				CLANG_WARN_UNGUARDED_AVAILABILITY = YES_AGGRESSIVE;
				CLANG_WARN_UNREACHABLE_CODE = YES;
				CLANG_WARN__DUPLICATE_METHOD_MATCH = YES;
				CODE_SIGN_IDENTITY = "iPhone Developer";
				COPY_PHASE_STRIP = NO;
				DEBUG_INFORMATION_FORMAT = "dwarf-with-dsym";
				ENABLE_NS_ASSERTIONS = NO;
				ENABLE_STRICT_OBJC_MSGSEND = YES;
				GCC_C_LANGUAGE_STANDARD = gnu11;
				GCC_NO_COMMON_BLOCKS = YES;
				GCC_WARN_64_TO_32_BIT_CONVERSION = YES;
				GCC_WARN_ABOUT_RETURN_TYPE = YES_ERROR;
				GCC_WARN_UNDECLARED_SELECTOR = YES;
				GCC_WARN_UNINITIALIZED_AUTOS = YES_AGGRESSIVE;
				GCC_WARN_UNUSED_FUNCTION = YES;
				GCC_WARN_UNUSED_VARIABLE = YES;
				IPHONEOS_DEPLOYMENT_TARGET = 11.2;
				MTL_ENABLE_DEBUG_INFO = NO;
				SDKROOT = iphoneos;
				SWIFT_OPTIMIZATION_LEVEL = "-Owholemodule";
				VALIDATE_PRODUCT = YES;
			};
			name = Release;
		};
		F444ECC9201D644C0035D0B0 /* Debug */ = {
			isa = XCBuildConfiguration;
			baseConfigurationReference = A13BD6F2C9EDA804C8346E9D /* Pods-SmartCity.debug.xcconfig */;
			buildSettings = {
				ASSETCATALOG_COMPILER_APPICON_NAME = AppIcon;
				"CODE_SIGN_IDENTITY[sdk=iphoneos*]" = "iPhone Developer";
				CODE_SIGN_STYLE = Automatic;
				DEVELOPMENT_TEAM = H23V3D7985;
				INFOPLIST_FILE = SmartCity/Info.plist;
				LD_RUNPATH_SEARCH_PATHS = "$(inherited) @executable_path/Frameworks";
				PRODUCT_BUNDLE_IDENTIFIER = com.salimbraksa.SmartCity;
				PRODUCT_NAME = "$(TARGET_NAME)";
				PROVISIONING_PROFILE = "";
				PROVISIONING_PROFILE_SPECIFIER = "";
				SWIFT_VERSION = 4.0;
				TARGETED_DEVICE_FAMILY = "1,2";
			};
			name = Debug;
		};
		F444ECCA201D644C0035D0B0 /* Release */ = {
			isa = XCBuildConfiguration;
			baseConfigurationReference = DE4D0042A7FA9982E3A37629 /* Pods-SmartCity.release.xcconfig */;
			buildSettings = {
				ASSETCATALOG_COMPILER_APPICON_NAME = AppIcon;
				"CODE_SIGN_IDENTITY[sdk=iphoneos*]" = "iPhone Developer";
				CODE_SIGN_STYLE = Automatic;
				DEVELOPMENT_TEAM = H23V3D7985;
				INFOPLIST_FILE = SmartCity/Info.plist;
				LD_RUNPATH_SEARCH_PATHS = "$(inherited) @executable_path/Frameworks";
				PRODUCT_BUNDLE_IDENTIFIER = com.salimbraksa.SmartCity;
				PRODUCT_NAME = "$(TARGET_NAME)";
				PROVISIONING_PROFILE_SPECIFIER = "";
				SWIFT_VERSION = 4.0;
				TARGETED_DEVICE_FAMILY = "1,2";
			};
			name = Release;
		};
/* End XCBuildConfiguration section */

/* Begin XCConfigurationList section */
		F444ECB1201D644C0035D0B0 /* Build configuration list for PBXProject "SmartCity" */ = {
			isa = XCConfigurationList;
			buildConfigurations = (
				F444ECC6201D644C0035D0B0 /* Debug */,
				F444ECC7201D644C0035D0B0 /* Release */,
			);
			defaultConfigurationIsVisible = 0;
			defaultConfigurationName = Release;
		};
		F444ECC8201D644C0035D0B0 /* Build configuration list for PBXNativeTarget "SmartCity" */ = {
			isa = XCConfigurationList;
			buildConfigurations = (
				F444ECC9201D644C0035D0B0 /* Debug */,
				F444ECCA201D644C0035D0B0 /* Release */,
			);
			defaultConfigurationIsVisible = 0;
			defaultConfigurationName = Release;
		};
/* End XCConfigurationList section */
	};
	rootObject = F444ECAE201D644C0035D0B0 /* Project object */;
}
